{
  "name": "cocos_proj_milk",
  "lockfileVersion": 2,
  "requires": true,
  "packages": {
    "": {
      "dependencies": {
        "minigame-api-typings": "^3.8.4"
      }
    },
    "node_modules/minigame-api-typings": {
      "version": "3.8.4",
      "resolved": "https://registry.npmjs.org/minigame-api-typings/-/minigame-api-typings-3.8.4.tgz",
      "integrity": "sha512-2dPLR97Bgy4FHC/av3nk84CW75zppdKvimDgUEE/3qCLesguRddjcqmkUGG+oMvj87AXAx1K10pHaMjquIqwBw=="
    }
  },
  "dependencies": {
    "minigame-api-typings": {
      "version": "3.8.4",
      "resolved": "https://registry.npmjs.org/minigame-api-typings/-/minigame-api-typings-3.8.4.tgz",
      "integrity": "sha512-2dPLR97Bgy4FHC/av3nk84CW75zppdKvimDgUEE/3qCLesguRddjcqmkUGG+oMvj87AXAx1K10pHaMjquIqwBw=="
    }
  }
}
